{
  "projects": [
    {
      "projectId": "qPAGcMbi2XxMM7ts5pPvqr",
      "version": "latest",
      "dependencies": {
        "ohDidvG9XsCeFumugENU3J": "6.9.0"
      },
      "lang": "ts",
      "fileLocks": [
        {
          "type": "globalVariant",
          "assetId": "PiqJvY_rF5L1",
          "checksum": "855bb517fce9725c6bbaa78984cda933"
        },
        {
          "type": "renderModule",
          "assetId": "m7GhEtlw-YFV",
          "checksum": "8c76a5451ae1c9da4b60b4eb37b3493b"
        },
        {
          "type": "cssRules",
          "assetId": "m7GhEtlw-YFV",
          "checksum": "8c76a5451ae1c9da4b60b4eb37b3493b"
        },
        {
          "type": "renderModule",
          "assetId": "jBhsgYv9HOjs",
          "checksum": "4b1af516ba983f863cbb1a8854a23406"
        },
        {
          "type": "cssRules",
          "assetId": "jBhsgYv9HOjs",
          "checksum": "4b1af516ba983f863cbb1a8854a23406"
        },
        {
          "type": "icon",
          "assetId": "SMNWq9XGEpfx",
          "checksum": "4ff8ea2e3450fc087a173beca63e10d0"
        },
        {
          "type": "icon",
          "assetId": "iceDU2B3oKp_",
          "checksum": "3d5312e79a432afa76154be7abb7e48c"
        },
        {
          "type": "icon",
          "assetId": "bmlQEVCsYVFd",
          "checksum": "c58272cabc179e21af2f3f2781acc135"
        },
        {
          "assetId": "qPAGcMbi2XxMM7ts5pPvqr",
          "type": "projectCss",
          "checksum": "339ee56bec96d03a56c30499d698ac53"
        },
        {
          "assetId": "qPAGcMbi2XxMM7ts5pPvqr",
          "checksum": "06b40676cf549eebfe438f4540a9e2fd",
          "type": "globalContexts"
        }
      ],
      "codegenVersion": "0.0.1"
    },
    {
      "projectId": "ohDidvG9XsCeFumugENU3J",
      "version": "6.9.0",
      "dependencies": {},
      "lang": "ts",
      "fileLocks": [
        {
          "assetId": "ohDidvG9XsCeFumugENU3J",
          "type": "projectCss",
          "checksum": "fd83b730367fdbde2c69bc6cf31c2a3c"
        },
        {
          "assetId": "ohDidvG9XsCeFumugENU3J",
          "checksum": "9edd6de3249e8ce87ee98f963fba1736",
          "type": "globalContexts"
        }
      ],
      "codegenVersion": "0.0.1"
    }
  ],
  "cliVersion": "0.1.318"
}
